
Microsoft Visual Studio Solution File, Format Version 12.00
# Visual Studio 15
VisualStudioVersion = 15.0.28307.421
MinimumVisualStudioVersion = 10.0.40219.1
Project("{FAE04EC0-301F-11D3-BF4B-00C04F79EFBC}") = "QuanLyCuaHang", "QuanLyCuaHang\QuanLyCuaHang.csproj", "{EDB086FC-471A-4CE9-8701-8B155AC69459}"
EndProject
Project("{FAE04EC0-301F-11D3-BF4B-00C04F79EFBC}") = "DATA_ACCESS_LAYER", "DATA_ACCESS_LAYER\DATA_ACCESS_LAYER.csproj", "{372660CA-CBD4-4DEA-85EA-B3B8FBF490C0}"
EndProject
Project("{FAE04EC0-301F-11D3-BF4B-00C04F79EFBC}") = "DATA_TRANFER_OBJECT", "DATA_TRANFER_OBJECT\DATA_TRANFER_OBJECT.csproj", "{A4BCD0BF-42AC-4FF5-9572-DCE50BC50E34}"
EndProject
Project("{FAE04EC0-301F-11D3-BF4B-00C04F79EFBC}") = "BUSSINESS_LOGIC_LAYER", "BUSSINESS_LOGIC_LAYER\BUSSINESS_LOGIC_LAYER.csproj", "{AC779959-40EA-4EE1-B788-277A9BF63714}"
EndProject
Project("{FAE04EC0-301F-11D3-BF4B-00C04F79EFBC}") = "TOOLS", "TOOLS\TOOLS.csproj", "{CED4EF5D-C747-4561-8A0E-7751E5A5C23B}"
EndProject
Global
	GlobalSection(SolutionConfigurationPlatforms) = preSolution
		Debug|Any CPU = Debug|Any CPU
		Release|Any CPU = Release|Any CPU
	EndGlobalSection
	GlobalSection(ProjectConfigurationPlatforms) = postSolution
		{EDB086FC-471A-4CE9-8701-8B155AC69459}.Debug|Any CPU.ActiveCfg = Debug|Any CPU
		{EDB086FC-471A-4CE9-8701-8B155AC69459}.Debug|Any CPU.Build.0 = Debug|Any CPU
		{EDB086FC-471A-4CE9-8701-8B155AC69459}.Release|Any CPU.ActiveCfg = Release|Any CPU
		{EDB086FC-471A-4CE9-8701-8B155AC69459}.Release|Any CPU.Build.0 = Release|Any CPU
		{372660CA-CBD4-4DEA-85EA-B3B8FBF490C0}.Debug|Any CPU.ActiveCfg = Debug|Any CPU
		{372660CA-CBD4-4DEA-85EA-B3B8FBF490C0}.Debug|Any CPU.Build.0 = Debug|Any CPU
		{372660CA-CBD4-4DEA-85EA-B3B8FBF490C0}.Release|Any CPU.ActiveCfg = Release|Any CPU
		{372660CA-CBD4-4DEA-85EA-B3B8FBF490C0}.Release|Any CPU.Build.0 = Release|Any CPU
		{A4BCD0BF-42AC-4FF5-9572-DCE50BC50E34}.Debug|Any CPU.ActiveCfg = Debug|Any CPU
		{A4BCD0BF-42AC-4FF5-9572-DCE50BC50E34}.Debug|Any CPU.Build.0 = Debug|Any CPU
		{A4BCD0BF-42AC-4FF5-9572-DCE50BC50E34}.Release|Any CPU.ActiveCfg = Release|Any CPU
		{A4BCD0BF-42AC-4FF5-9572-DCE50BC50E34}.Release|Any CPU.Build.0 = Release|Any CPU
		{AC779959-40EA-4EE1-B788-277A9BF63714}.Debug|Any CPU.ActiveCfg = Debug|Any CPU
		{AC779959-40EA-4EE1-B788-277A9BF63714}.Debug|Any CPU.Build.0 = Debug|Any CPU
		{AC779959-40EA-4EE1-B788-277A9BF63714}.Release|Any CPU.ActiveCfg = Release|Any CPU
		{AC779959-40EA-4EE1-B788-277A9BF63714}.Release|Any CPU.Build.0 = Release|Any CPU
		{CED4EF5D-C747-4561-8A0E-7751E5A5C23B}.Debug|Any CPU.ActiveCfg = Debug|Any CPU
		{CED4EF5D-C747-4561-8A0E-7751E5A5C23B}.Debug|Any CPU.Build.0 = Debug|Any CPU
		{CED4EF5D-C747-4561-8A0E-7751E5A5C23B}.Release|Any CPU.ActiveCfg = Release|Any CPU
		{CED4EF5D-C747-4561-8A0E-7751E5A5C23B}.Release|Any CPU.Build.0 = Release|Any CPU
	EndGlobalSection
	GlobalSection(SolutionProperties) = preSolution
		HideSolutionNode = FALSE
	EndGlobalSection
	GlobalSection(ExtensibilityGlobals) = postSolution
		SolutionGuid = {70B47F89-EBE6-49AE-918C-3EB8B4B443DB}
	EndGlobalSection
EndGlobal
